
Microsoft Visual Studio Solution File, Format Version 12.00
# Visual Studio Version 17
VisualStudioVersion = 17.4.33213.308
MinimumVisualStudioVersion = 10.0.40219.1
Project("{FAE04EC0-301F-11D3-BF4B-00C04F79EFBC}") = "ЛР8", "ЛР8.csproj", "{A86163E8-3DD7-42B3-BC64-721CA9893F52}"
EndProject
Global
	GlobalSection(SolutionConfigurationPlatforms) = preSolution
		Debug|Any CPU = Debug|Any CPU
		Release|Any CPU = Release|Any CPU
	EndGlobalSection
	GlobalSection(ProjectConfigurationPlatforms) = postSolution
		{A86163E8-3DD7-42B3-BC64-721CA9893F52}.Debug|Any CPU.ActiveCfg = Debug|Any CPU
		{A86163E8-3DD7-42B3-BC64-721CA9893F52}.Debug|Any CPU.Build.0 = Debug|Any CPU
		{A86163E8-3DD7-42B3-BC64-721CA9893F52}.Release|Any CPU.ActiveCfg = Release|Any CPU
		{A86163E8-3DD7-42B3-BC64-721CA9893F52}.Release|Any CPU.Build.0 = Release|Any CPU
	EndGlobalSection
	GlobalSection(SolutionProperties) = preSolution
		HideSolutionNode = FALSE
	EndGlobalSection
	GlobalSection(ExtensibilityGlobals) = postSolution
		SolutionGuid = {50059DD0-CA24-476F-8BE1-AD54A5431A61}
	EndGlobalSection
EndGlobal
