
Microsoft Visual Studio Solution File, Format Version 12.00
# Visual Studio Version 17
VisualStudioVersion = 17.4.33213.308
MinimumVisualStudioVersion = 10.0.40219.1
Project("{FAE04EC0-301F-11D3-BF4B-00C04F79EFBC}") = "ЛР5", "ЛР5.csproj", "{18B3E97C-27DF-4BDC-8493-1C889D445181}"
EndProject
Global
	GlobalSection(SolutionConfigurationPlatforms) = preSolution
		Debug|Any CPU = Debug|Any CPU
		Release|Any CPU = Release|Any CPU
	EndGlobalSection
	GlobalSection(ProjectConfigurationPlatforms) = postSolution
		{18B3E97C-27DF-4BDC-8493-1C889D445181}.Debug|Any CPU.ActiveCfg = Debug|Any CPU
		{18B3E97C-27DF-4BDC-8493-1C889D445181}.Debug|Any CPU.Build.0 = Debug|Any CPU
		{18B3E97C-27DF-4BDC-8493-1C889D445181}.Release|Any CPU.ActiveCfg = Release|Any CPU
		{18B3E97C-27DF-4BDC-8493-1C889D445181}.Release|Any CPU.Build.0 = Release|Any CPU
	EndGlobalSection
	GlobalSection(SolutionProperties) = preSolution
		HideSolutionNode = FALSE
	EndGlobalSection
	GlobalSection(ExtensibilityGlobals) = postSolution
		SolutionGuid = {06830BB2-B429-41A1-8417-8C9A62D783FA}
	EndGlobalSection
EndGlobal
